<Solution>
  <Folder Name="/Api/">
    <Project Path="Api/Deck.Api/Deck.Api.csproj" />
  </Folder>
  <Folder Name="/Contracts/">
    <Project Path="Contracts/Deck.SDK/Deck.SDK.csproj" />
  </Folder>
  <Folder Name="/Core/">
    <Project Path="Core/Deck.Core.Tests.FakePlugin/Deck.Core.Tests.FakePlugin.csproj" />
    <Project Path="Core/Deck.Core.Tests/Deck.Core.Tests.csproj" />
    <Project Path="Core/Deck.Core/Deck.Core.csproj" />
  </Folder>
  <Folder Name="/Device/">
    <Project Path="Device/Deck.Device/Deck.Device.csproj" />
  </Folder>
  <Folder Name="/Plugins/">
    <Project Path="Plugins/Deck.Plugins.Obs.Tests/Deck.Plugins.Obs.Tests.csproj" />
    <Project Path="Plugins/Deck.Plugins.Obs/Deck.Plugins.Obs.csproj" />
    <Project Path="Plugins/Deck.Plugins.Spotify.Tests/Deck.Plugins.Spotify.Tests.csproj" />
    <Project Path="Plugins/Deck.Plugins.Spotify/Deck.Plugins.Spotify.csproj" />
  </Folder>
  <Folder Name="/UI/">
    <Project Path="UI/Deck.UI.Avalonia/Deck.UI.Avalonia.csproj" />
  </Folder>
</Solution>
